// !$*UTF8*$!
{
	archiveVersion = 1;
	classes = {
	};
	objectVersion = 46;
	objects = {

/* Begin PBXBuildFile section */
		3DA83D041B01518E00C181DE /* main.m in Sources */ = {isa = PBXBuildFile; fileRef = 3DA83D031B01518E00C181DE /* main.m */; };
		3DA83D071B01518E00C181DE /* AppDelegate.m in Sources */ = {isa = PBXBuildFile; fileRef = 3DA83D061B01518E00C181DE /* AppDelegate.m */; };
		3DA83D0A1B01518E00C181DE /* WineViewController.m in Sources */ = {isa = PBXBuildFile; fileRef = 3DA83D091B01518E00C181DE /* WineViewController.m */; };
		3DA83D0D1B01518E00C181DE /* Main.storyboard in Resources */ = {isa = PBXBuildFile; fileRef = 3DA83D0B1B01518E00C181DE /* Main.storyboard */; };
		3DA83D121B01518E00C181DE /* LaunchScreen.xib in Resources */ = {isa = PBXBuildFile; fileRef = 3DA83D101B01518E00C181DE /* LaunchScreen.xib */; };
		3DA83D1E1B01518E00C181DE /* AlcolatorTests.m in Sources */ = {isa = PBXBuildFile; fileRef = 3DA83D1D1B01518E00C181DE /* AlcolatorTests.m */; };
		3DA83D291B015BB100C181DE /* WhiskeyViewController.m in Sources */ = {isa = PBXBuildFile; fileRef = 3DA83D281B015BB100C181DE /* WhiskeyViewController.m */; };
		3DA83D2C1B016B4800C181DE /* MainMenuiViewController.m in Sources */ = {isa = PBXBuildFile; fileRef = 3DA83D2B1B016B4800C181DE /* MainMenuiViewController.m */; };
		8168BE4A1E25925800E5B0BF /* InfoViewController.m in Sources */ = {isa = PBXBuildFile; fileRef = 8168BE491E25925800E5B0BF /* InfoViewController.m */; };
		8168BE4E1E25A10E00E5B0BF /* QuartzCore.framework in Frameworks */ = {isa = PBXBuildFile; fileRef = 8168BE4D1E25A10E00E5B0BF /* QuartzCore.framework */; };
		8170A0FD1E1C6D5C00876F3C /* Media.xcassets in Resources */ = {isa = PBXBuildFile; fileRef = 8170A0FC1E1C6D5C00876F3C /* Media.xcassets */; };
		8170A0FF1E1C6EB900876F3C /* dry lake bed.jpg in Resources */ = {isa = PBXBuildFile; fileRef = 8170A0FE1E1C6EB900876F3C /* dry lake bed.jpg */; };
/* End PBXBuildFile section */

/* Begin PBXContainerItemProxy section */
		3DA83D181B01518E00C181DE /* PBXContainerItemProxy */ = {
			isa = PBXContainerItemProxy;
			containerPortal = 3DA83CF61B01518D00C181DE /* Project object */;
			proxyType = 1;
			remoteGlobalIDString = 3DA83CFD1B01518D00C181DE;
			remoteInfo = Alcolator;
		};
/* End PBXContainerItemProxy section */

/* Begin PBXFileReference section */
		3DA83CFE1B01518D00C181DE /* Alcolator.app */ = {isa = PBXFileReference; explicitFileType = wrapper.application; includeInIndex = 0; path = Alcolator.app; sourceTree = BUILT_PRODUCTS_DIR; };
		3DA83D021B01518E00C181DE /* Info.plist */ = {isa = PBXFileReference; lastKnownFileType = text.plist.xml; path = Info.plist; sourceTree = "<group>"; };
		3DA83D031B01518E00C181DE /* main.m */ = {isa = PBXFileReference; lastKnownFileType = sourcecode.c.objc; path = main.m; sourceTree = "<group>"; };
		3DA83D051B01518E00C181DE /* AppDelegate.h */ = {isa = PBXFileReference; lastKnownFileType = sourcecode.c.h; path = AppDelegate.h; sourceTree = "<group>"; };
		3DA83D061B01518E00C181DE /* AppDelegate.m */ = {isa = PBXFileReference; lastKnownFileType = sourcecode.c.objc; path = AppDelegate.m; sourceTree = "<group>"; };
		3DA83D081B01518E00C181DE /* WineViewController.h */ = {isa = PBXFileReference; lastKnownFileType = sourcecode.c.h; path = WineViewController.h; sourceTree = "<group>"; };
		3DA83D091B01518E00C181DE /* WineViewController.m */ = {isa = PBXFileReference; lastKnownFileType = sourcecode.c.objc; path = WineViewController.m; sourceTree = "<group>"; };
		3DA83D0C1B01518E00C181DE /* Base */ = {isa = PBXFileReference; lastKnownFileType = file.storyboard; name = Base; path = Base.lproj/Main.storyboard; sourceTree = "<group>"; };
		3DA83D111B01518E00C181DE /* Base */ = {isa = PBXFileReference; lastKnownFileType = file.xib; name = Base; path = Base.lproj/LaunchScreen.xib; sourceTree = "<group>"; };
		3DA83D171B01518E00C181DE /* AlcolatorTests.xctest */ = {isa = PBXFileReference; explicitFileType = wrapper.cfbundle; includeInIndex = 0; path = AlcolatorTests.xctest; sourceTree = BUILT_PRODUCTS_DIR; };
		3DA83D1C1B01518E00C181DE /* Info.plist */ = {isa = PBXFileReference; lastKnownFileType = text.plist.xml; path = Info.plist; sourceTree = "<group>"; };
		3DA83D1D1B01518E00C181DE /* AlcolatorTests.m */ = {isa = PBXFileReference; lastKnownFileType = sourcecode.c.objc; path = AlcolatorTests.m; sourceTree = "<group>"; };
		3DA83D271B015BB100C181DE /* WhiskeyViewController.h */ = {isa = PBXFileReference; fileEncoding = 4; lastKnownFileType = sourcecode.c.h; path = WhiskeyViewController.h; sourceTree = "<group>"; };
		3DA83D281B015BB100C181DE /* WhiskeyViewController.m */ = {isa = PBXFileReference; fileEncoding = 4; lastKnownFileType = sourcecode.c.objc; path = WhiskeyViewController.m; sourceTree = "<group>"; };
		3DA83D2A1B016B4800C181DE /* MainMenuiViewController.h */ = {isa = PBXFileReference; fileEncoding = 4; lastKnownFileType = sourcecode.c.h; path = MainMenuiViewController.h; sourceTree = "<group>"; };
		3DA83D2B1B016B4800C181DE /* MainMenuiViewController.m */ = {isa = PBXFileReference; fileEncoding = 4; lastKnownFileType = sourcecode.c.objc; path = MainMenuiViewController.m; sourceTree = "<group>"; };
		8168BE481E25925800E5B0BF /* InfoViewController.h */ = {isa = PBXFileReference; fileEncoding = 4; lastKnownFileType = sourcecode.c.h; path = InfoViewController.h; sourceTree = "<group>"; };
		8168BE491E25925800E5B0BF /* InfoViewController.m */ = {isa = PBXFileReference; fileEncoding = 4; lastKnownFileType = sourcecode.c.objc; path = InfoViewController.m; sourceTree = "<group>"; };
		8168BE4D1E25A10E00E5B0BF /* QuartzCore.framework */ = {isa = PBXFileReference; lastKnownFileType = wrapper.framework; name = QuartzCore.framework; path = System/Library/Frameworks/QuartzCore.framework; sourceTree = SDKROOT; };
		8170A0FC1E1C6D5C00876F3C /* Media.xcassets */ = {isa = PBXFileReference; lastKnownFileType = folder.assetcatalog; name = Media.xcassets; path = ../Media.xcassets; sourceTree = "<group>"; };
		8170A0FE1E1C6EB900876F3C /* dry lake bed.jpg */ = {isa = PBXFileReference; lastKnownFileType = image.jpeg; path = "dry lake bed.jpg"; sourceTree = "<group>"; };
/* End PBXFileReference section */

/* Begin PBXFrameworksBuildPhase section */
		3DA83CFB1B01518D00C181DE /* Frameworks */ = {
			isa = PBXFrameworksBuildPhase;
			buildActionMask = 2147483647;
			files = (
				8168BE4E1E25A10E00E5B0BF /* QuartzCore.framework in Frameworks */,
			);
			runOnlyForDeploymentPostprocessing = 0;
		};
		3DA83D141B01518E00C181DE /* Frameworks */ = {
			isa = PBXFrameworksBuildPhase;
			buildActionMask = 2147483647;
			files = (
			);
			runOnlyForDeploymentPostprocessing = 0;
		};
/* End PBXFrameworksBuildPhase section */

/* Begin PBXGroup section */
		3DA83CF51B01518D00C181DE = {
			isa = PBXGroup;
			children = (
				3DA83D001B01518D00C181DE /*  View Controllers */,
				8168BE4B1E25A08E00E5B0BF /* Modal */,
				3DA83D011B01518E00C181DE /* Supporting Files */,
				3DA83D1A1B01518E00C181DE /* AlcolatorTests */,
				3DA83CFF1B01518D00C181DE /* Products */,
				8168BE4C1E25A10E00E5B0BF /* Frameworks */,
			);
			sourceTree = "<group>";
		};
		3DA83CFF1B01518D00C181DE /* Products */ = {
			isa = PBXGroup;
			children = (
				3DA83CFE1B01518D00C181DE /* Alcolator.app */,
				3DA83D171B01518E00C181DE /* AlcolatorTests.xctest */,
			);
			name = Products;
			sourceTree = "<group>";
		};
		3DA83D001B01518D00C181DE /*  View Controllers */ = {
			isa = PBXGroup;
			children = (
				3DA83D051B01518E00C181DE /* AppDelegate.h */,
				3DA83D061B01518E00C181DE /* AppDelegate.m */,
				3DA83D081B01518E00C181DE /* WineViewController.h */,
				3DA83D091B01518E00C181DE /* WineViewController.m */,
				3DA83D271B015BB100C181DE /* WhiskeyViewController.h */,
				3DA83D281B015BB100C181DE /* WhiskeyViewController.m */,
				8168BE481E25925800E5B0BF /* InfoViewController.h */,
				8168BE491E25925800E5B0BF /* InfoViewController.m */,
				3DA83D2A1B016B4800C181DE /* MainMenuiViewController.h */,
				3DA83D2B1B016B4800C181DE /* MainMenuiViewController.m */,
			);
			name = " View Controllers";
			path = Alcolator;
			sourceTree = "<group>";
		};
		3DA83D011B01518E00C181DE /* Supporting Files */ = {
			isa = PBXGroup;
			children = (
				8170A0FE1E1C6EB900876F3C /* dry lake bed.jpg */,
				8170A0FC1E1C6D5C00876F3C /* Media.xcassets */,
				3DA83D021B01518E00C181DE /* Info.plist */,
				3DA83D031B01518E00C181DE /* main.m */,
			);
			name = "Supporting Files";
			path = Alcolator;
			sourceTree = "<group>";
		};
		3DA83D1A1B01518E00C181DE /* AlcolatorTests */ = {
			isa = PBXGroup;
			children = (
				3DA83D1D1B01518E00C181DE /* AlcolatorTests.m */,
				3DA83D1B1B01518E00C181DE /* Supporting Files */,
			);
			path = AlcolatorTests;
			sourceTree = "<group>";
		};
		3DA83D1B1B01518E00C181DE /* Supporting Files */ = {
			isa = PBXGroup;
			children = (
				3DA83D1C1B01518E00C181DE /* Info.plist */,
			);
			name = "Supporting Files";
			sourceTree = "<group>";
		};
		8168BE4B1E25A08E00E5B0BF /* Modal */ = {
			isa = PBXGroup;
			children = (
				3DA83D0B1B01518E00C181DE /* Main.storyboard */,
				3DA83D101B01518E00C181DE /* LaunchScreen.xib */,
			);
			name = Modal;
			sourceTree = "<group>";
		};
		8168BE4C1E25A10E00E5B0BF /* Frameworks */ = {
			isa = PBXGroup;
			children = (
				8168BE4D1E25A10E00E5B0BF /* QuartzCore.framework */,
			);
			name = Frameworks;
			sourceTree = "<group>";
		};
/* End PBXGroup section */

/* Begin PBXNativeTarget section */
		3DA83CFD1B01518D00C181DE /* Alcolator */ = {
			isa = PBXNativeTarget;
			buildConfigurationList = 3DA83D211B01518E00C181DE /* Build configuration list for PBXNativeTarget "Alcolator" */;
			buildPhases = (
				3DA83CFA1B01518D00C181DE /* Sources */,
				3DA83CFB1B01518D00C181DE /* Frameworks */,
				3DA83CFC1B01518D00C181DE /* Resources */,
			);
			buildRules = (
			);
			dependencies = (
			);
			name = Alcolator;
			productName = Alcolator;
			productReference = 3DA83CFE1B01518D00C181DE /* Alcolator.app */;
			productType = "com.apple.product-type.application";
		};
		3DA83D161B01518E00C181DE /* AlcolatorTests */ = {
			isa = PBXNativeTarget;
			buildConfigurationList = 3DA83D241B01518E00C181DE /* Build configuration list for PBXNativeTarget "AlcolatorTests" */;
			buildPhases = (
				3DA83D131B01518E00C181DE /* Sources */,
				3DA83D141B01518E00C181DE /* Frameworks */,
				3DA83D151B01518E00C181DE /* Resources */,
			);
			buildRules = (
			);
			dependencies = (
				3DA83D191B01518E00C181DE /* PBXTargetDependency */,
			);
			name = AlcolatorTests;
			productName = AlcolatorTests;
			productReference = 3DA83D171B01518E00C181DE /* AlcolatorTests.xctest */;
			productType = "com.apple.product-type.bundle.unit-test";
		};
/* End PBXNativeTarget section */

/* Begin PBXProject section */
		3DA83CF61B01518D00C181DE /* Project object */ = {
			isa = PBXProject;
			attributes = {
				LastUpgradeCheck = 0820;
				ORGANIZATIONNAME = "Cynthia Whitlatch";
				TargetAttributes = {
					3DA83CFD1B01518D00C181DE = {
						CreatedOnToolsVersion = 6.2;
						DevelopmentTeam = LK662Y5U4K;
					};
					3DA83D161B01518E00C181DE = {
						CreatedOnToolsVersion = 6.2;
						TestTargetID = 3DA83CFD1B01518D00C181DE;
					};
				};
			};
			buildConfigurationList = 3DA83CF91B01518D00C181DE /* Build configuration list for PBXProject "Alcolator" */;
			compatibilityVersion = "Xcode 3.2";
			developmentRegion = English;
			hasScannedForEncodings = 0;
			knownRegions = (
				en,
				Base,
			);
			mainGroup = 3DA83CF51B01518D00C181DE;
			productRefGroup = 3DA83CFF1B01518D00C181DE /* Products */;
			projectDirPath = "";
			projectRoot = "";
			targets = (
				3DA83CFD1B01518D00C181DE /* Alcolator */,
				3DA83D161B01518E00C181DE /* AlcolatorTests */,
			);
		};
/* End PBXProject section */

/* Begin PBXResourcesBuildPhase section */
		3DA83CFC1B01518D00C181DE /* Resources */ = {
			isa = PBXResourcesBuildPhase;
			buildActionMask = 2147483647;
			files = (
				3DA83D0D1B01518E00C181DE /* Main.storyboard in Resources */,
				8170A0FD1E1C6D5C00876F3C /* Media.xcassets in Resources */,
				8170A0FF1E1C6EB900876F3C /* dry lake bed.jpg in Resources */,
				3DA83D121B01518E00C181DE /* LaunchScreen.xib in Resources */,
			);
			runOnlyForDeploymentPostprocessing = 0;
		};
		3DA83D151B01518E00C181DE /* Resources */ = {
			isa = PBXResourcesBuildPhase;
			buildActionMask = 2147483647;
			files = (
			);
			runOnlyForDeploymentPostprocessing = 0;
		};
/* End PBXResourcesBuildPhase section */

/* Begin PBXSourcesBuildPhase section */
		3DA83CFA1B01518D00C181DE /* Sources */ = {
			isa = PBXSourcesBuildPhase;
			buildActionMask = 2147483647;
			files = (
				3DA83D0A1B01518E00C181DE /* WineViewController.m in Sources */,
				3DA83D291B015BB100C181DE /* WhiskeyViewController.m in Sources */,
				8168BE4A1E25925800E5B0BF /* InfoViewController.m in Sources */,
				3DA83D2C1B016B4800C181DE /* MainMenuiViewController.m in Sources */,
				3DA83D071B01518E00C181DE /* AppDelegate.m in Sources */,
				3DA83D041B01518E00C181DE /* main.m in Sources */,
			);
			runOnlyForDeploymentPostprocessing = 0;
		};
		3DA83D131B01518E00C181DE /* Sources */ = {
			isa = PBXSourcesBuildPhase;
			buildActionMask = 2147483647;
			files = (
				3DA83D1E1B01518E00C181DE /* AlcolatorTests.m in Sources */,
			);
			runOnlyForDeploymentPostprocessing = 0;
		};
/* End PBXSourcesBuildPhase section */

/* Begin PBXTargetDependency section */
		3DA83D191B01518E00C181DE /* PBXTargetDependency */ = {
			isa = PBXTargetDependency;
			target = 3DA83CFD1B01518D00C181DE /* Alcolator */;
			targetProxy = 3DA83D181B01518E00C181DE /* PBXContainerItemProxy */;
		};
/* End PBXTargetDependency section */

/* Begin PBXVariantGroup section */
		3DA83D0B1B01518E00C181DE /* Main.storyboard */ = {
			isa = PBXVariantGroup;
			children = (
				3DA83D0C1B01518E00C181DE /* Base */,
			);
			name = Main.storyboard;
			path = Alcolator;
			sourceTree = "<group>";
		};
		3DA83D101B01518E00C181DE /* LaunchScreen.xib */ = {
			isa = PBXVariantGroup;
			children = (
				3DA83D111B01518E00C181DE /* Base */,
			);
			name = LaunchScreen.xib;
			path = Alcolator;
			sourceTree = "<group>";
		};
/* End PBXVariantGroup section */

/* Begin XCBuildConfiguration section */
		3DA83D1F1B01518E00C181DE /* Debug */ = {
			isa = XCBuildConfiguration;
			buildSettings = {
				ALWAYS_SEARCH_USER_PATHS = NO;
				CLANG_CXX_LANGUAGE_STANDARD = "gnu++0x";
				CLANG_CXX_LIBRARY = "libc++";
				CLANG_ENABLE_MODULES = YES;
				CLANG_ENABLE_OBJC_ARC = YES;
				CLANG_WARN_BOOL_CONVERSION = YES;
				CLANG_WARN_CONSTANT_CONVERSION = YES;
				CLANG_WARN_DIRECT_OBJC_ISA_USAGE = YES_ERROR;
				CLANG_WARN_EMPTY_BODY = YES;
				CLANG_WARN_ENUM_CONVERSION = YES;
				CLANG_WARN_INFINITE_RECURSION = YES;
				CLANG_WARN_INT_CONVERSION = YES;
				CLANG_WARN_OBJC_ROOT_CLASS = YES_ERROR;
				CLANG_WARN_SUSPICIOUS_MOVE = YES;
				CLANG_WARN_UNREACHABLE_CODE = YES;
				CLANG_WARN__DUPLICATE_METHOD_MATCH = YES;
				"CODE_SIGN_IDENTITY[sdk=iphoneos*]" = "iPhone Developer";
				COPY_PHASE_STRIP = NO;
				ENABLE_STRICT_OBJC_MSGSEND = YES;
				ENABLE_TESTABILITY = YES;
				GCC_C_LANGUAGE_STANDARD = gnu99;
				GCC_DYNAMIC_NO_PIC = NO;
				GCC_NO_COMMON_BLOCKS = YES;
				GCC_OPTIMIZATION_LEVEL = 0;
				GCC_PREPROCESSOR_DEFINITIONS = (
					"DEBUG=1",
					"$(inherited)",
				);
				GCC_SYMBOLS_PRIVATE_EXTERN = NO;
				GCC_WARN_64_TO_32_BIT_CONVERSION = YES;
				GCC_WARN_ABOUT_RETURN_TYPE = YES_ERROR;
				GCC_WARN_UNDECLARED_SELECTOR = YES;
				GCC_WARN_UNINITIALIZED_AUTOS = YES_AGGRESSIVE;
				GCC_WARN_UNUSED_FUNCTION = YES;
				GCC_WARN_UNUSED_VARIABLE = YES;
				IPHONEOS_DEPLOYMENT_TARGET = 8.2;
				MTL_ENABLE_DEBUG_INFO = YES;
				ONLY_ACTIVE_ARCH = YES;
				SDKROOT = iphoneos;
			};
			name = Debug;
		};
		3DA83D201B01518E00C181DE /* Release */ = {
			isa = XCBuildConfiguration;
			buildSettings = {
				ALWAYS_SEARCH_USER_PATHS = NO;
				CLANG_CXX_LANGUAGE_STANDARD = "gnu++0x";
				CLANG_CXX_LIBRARY = "libc++";
				CLANG_ENABLE_MODULES = YES;
				CLANG_ENABLE_OBJC_ARC = YES;
				CLANG_WARN_BOOL_CONVERSION = YES;
				CLANG_WARN_CONSTANT_CONVERSION = YES;
				CLANG_WARN_DIRECT_OBJC_ISA_USAGE = YES_ERROR;
				CLANG_WARN_EMPTY_BODY = YES;
				CLANG_WARN_ENUM_CONVERSION = YES;
				CLANG_WARN_INFINITE_RECURSION = YES;
				CLANG_WARN_INT_CONVERSION = YES;
				CLANG_WARN_OBJC_ROOT_CLASS = YES_ERROR;
				CLANG_WARN_SUSPICIOUS_MOVE = YES;
				CLANG_WARN_UNREACHABLE_CODE = YES;
				CLANG_WARN__DUPLICATE_METHOD_MATCH = YES;
				"CODE_SIGN_IDENTITY[sdk=iphoneos*]" = "iPhone Developer";
				COPY_PHASE_STRIP = NO;
				ENABLE_NS_ASSERTIONS = NO;
				ENABLE_STRICT_OBJC_MSGSEND = YES;
				GCC_C_LANGUAGE_STANDARD = gnu99;
				GCC_NO_COMMON_BLOCKS = YES;
				GCC_WARN_64_TO_32_BIT_CONVERSION = YES;
				GCC_WARN_ABOUT_RETURN_TYPE = YES_ERROR;
				GCC_WARN_UNDECLARED_SELECTOR = YES;
				GCC_WARN_UNINITIALIZED_AUTOS = YES_AGGRESSIVE;
				GCC_WARN_UNUSED_FUNCTION = YES;
				GCC_WARN_UNUSED_VARIABLE = YES;
				IPHONEOS_DEPLOYMENT_TARGET = 8.2;
				MTL_ENABLE_DEBUG_INFO = NO;
				SDKROOT = iphoneos;
				VALIDATE_PRODUCT = YES;
			};
			name = Release;
		};
		3DA83D221B01518E00C181DE /* Debug */ = {
			isa = XCBuildConfiguration;
			buildSettings = {
				ASSETCATALOG_COMPILER_APPICON_NAME = AppIcon;
				DEVELOPMENT_TEAM = LK662Y5U4K;
				INFOPLIST_FILE = Alcolator/Info.plist;
				LD_RUNPATH_SEARCH_PATHS = "$(inherited) @executable_path/Frameworks";
				PRODUCT_BUNDLE_IDENTIFIER = "com.cynthia.$(PRODUCT_NAME:rfc1034identifier)";
				PRODUCT_NAME = "$(TARGET_NAME)";
			};
			name = Debug;
		};
		3DA83D231B01518E00C181DE /* Release */ = {
			isa = XCBuildConfiguration;
			buildSettings = {
				ASSETCATALOG_COMPILER_APPICON_NAME = AppIcon;
				DEVELOPMENT_TEAM = LK662Y5U4K;
				INFOPLIST_FILE = Alcolator/Info.plist;
				LD_RUNPATH_SEARCH_PATHS = "$(inherited) @executable_path/Frameworks";
				PRODUCT_BUNDLE_IDENTIFIER = "com.cynthia.$(PRODUCT_NAME:rfc1034identifier)";
				PRODUCT_NAME = "$(TARGET_NAME)";
			};
			name = Release;
		};
		3DA83D251B01518E00C181DE /* Debug */ = {
			isa = XCBuildConfiguration;
			buildSettings = {
				BUNDLE_LOADER = "$(TEST_HOST)";
				FRAMEWORK_SEARCH_PATHS = (
					"$(SDKROOT)/Developer/Library/Frameworks",
					"$(inherited)",
				);
				GCC_PREPROCESSOR_DEFINITIONS = (
					"DEBUG=1",
					"$(inherited)",
				);
				INFOPLIST_FILE = AlcolatorTests/Info.plist;
				LD_RUNPATH_SEARCH_PATHS = "$(inherited) @executable_path/Frameworks @loader_path/Frameworks";
				PRODUCT_BUNDLE_IDENTIFIER = "com.cynthia.$(PRODUCT_NAME:rfc1034identifier)";
				PRODUCT_NAME = "$(TARGET_NAME)";
				TEST_HOST = "$(BUILT_PRODUCTS_DIR)/Alcolator.app/Alcolator";
			};
			name = Debug;
		};
		3DA83D261B01518E00C181DE /* Release */ = {
			isa = XCBuildConfiguration;
			buildSettings = {
				BUNDLE_LOADER = "$(TEST_HOST)";
				FRAMEWORK_SEARCH_PATHS = (
					"$(SDKROOT)/Developer/Library/Frameworks",
					"$(inherited)",
				);
				INFOPLIST_FILE = AlcolatorTests/Info.plist;
				LD_RUNPATH_SEARCH_PATHS = "$(inherited) @executable_path/Frameworks @loader_path/Frameworks";
				PRODUCT_BUNDLE_IDENTIFIER = "com.cynthia.$(PRODUCT_NAME:rfc1034identifier)";
				PRODUCT_NAME = "$(TARGET_NAME)";
				TEST_HOST = "$(BUILT_PRODUCTS_DIR)/Alcolator.app/Alcolator";
			};
			name = Release;
		};
/* End XCBuildConfiguration section */

/* Begin XCConfigurationList section */
		3DA83CF91B01518D00C181DE /* Build configuration list for PBXProject "Alcolator" */ = {
			isa = XCConfigurationList;
			buildConfigurations = (
				3DA83D1F1B01518E00C181DE /* Debug */,
				3DA83D201B01518E00C181DE /* Release */,
			);
			defaultConfigurationIsVisible = 0;
			defaultConfigurationName = Release;
		};
		3DA83D211B01518E00C181DE /* Build configuration list for PBXNativeTarget "Alcolator" */ = {
			isa = XCConfigurationList;
			buildConfigurations = (
				3DA83D221B01518E00C181DE /* Debug */,
				3DA83D231B01518E00C181DE /* Release */,
			);
			defaultConfigurationIsVisible = 0;
			defaultConfigurationName = Release;
		};
		3DA83D241B01518E00C181DE /* Build configuration list for PBXNativeTarget "AlcolatorTests" */ = {
			isa = XCConfigurationList;
			buildConfigurations = (
				3DA83D251B01518E00C181DE /* Debug */,
				3DA83D261B01518E00C181DE /* Release */,
			);
			defaultConfigurationIsVisible = 0;
			defaultConfigurationName = Release;
		};
/* End XCConfigurationList section */
	};
	rootObject = 3DA83CF61B01518D00C181DE /* Project object */;
}
